// !$*UTF8*$!
{
	archiveVersion = 1;
	classes = {
	};
	objectVersion = 55;
	objects = {

/* Begin PBXBuildFile section */
		13896994BC2B58C583FD8400 /* Pods_Countries.framework in Frameworks */ = {isa = PBXBuildFile; fileRef = 250F7BF96571BFAD44E2AA68 /* Pods_Countries.framework */; };
		524162A22788841B001FEC58 /* AppDelegate.swift in Sources */ = {isa = PBXBuildFile; fileRef = 524162A12788841B001FEC58 /* AppDelegate.swift */; };
		524162A42788841B001FEC58 /* SceneDelegate.swift in Sources */ = {isa = PBXBuildFile; fileRef = 524162A32788841B001FEC58 /* SceneDelegate.swift */; };
		524162A92788841B001FEC58 /* Main.storyboard in Resources */ = {isa = PBXBuildFile; fileRef = 524162A72788841B001FEC58 /* Main.storyboard */; };
		524162AB2788841D001FEC58 /* Assets.xcassets in Resources */ = {isa = PBXBuildFile; fileRef = 524162AA2788841D001FEC58 /* Assets.xcassets */; };
		524162AE2788841D001FEC58 /* LaunchScreen.storyboard in Resources */ = {isa = PBXBuildFile; fileRef = 524162AC2788841D001FEC58 /* LaunchScreen.storyboard */; };
		524162BD27888514001FEC58 /* Coordinator.swift in Sources */ = {isa = PBXBuildFile; fileRef = 524162BC27888514001FEC58 /* Coordinator.swift */; };
		524162BF278891AD001FEC58 /* AppTabBarController.swift in Sources */ = {isa = PBXBuildFile; fileRef = 524162BE278891AD001FEC58 /* AppTabBarController.swift */; };
		524162C1278893E2001FEC58 /* CountriesViewController.swift in Sources */ = {isa = PBXBuildFile; fileRef = 524162C0278893E2001FEC58 /* CountriesViewController.swift */; };
		524162C327889404001FEC58 /* SavedCountriesViewController.swift in Sources */ = {isa = PBXBuildFile; fileRef = 524162C227889404001FEC58 /* SavedCountriesViewController.swift */; };
		524162C527889429001FEC58 /* CountryDetailViewController.swift in Sources */ = {isa = PBXBuildFile; fileRef = 524162C427889429001FEC58 /* CountryDetailViewController.swift */; };
		524162C727889D1A001FEC58 /* CountriesCoordinator.swift in Sources */ = {isa = PBXBuildFile; fileRef = 524162C627889D1A001FEC58 /* CountriesCoordinator.swift */; };
		524162C927889D2B001FEC58 /* SavedCountriesCoordinator.swift in Sources */ = {isa = PBXBuildFile; fileRef = 524162C827889D2B001FEC58 /* SavedCountriesCoordinator.swift */; };
		524162CE2788F373001FEC58 /* CountryCollectionViewCell.swift in Sources */ = {isa = PBXBuildFile; fileRef = 524162CD2788F373001FEC58 /* CountryCollectionViewCell.swift */; };
		52B570232789974900275870 /* CollectionViewCell+Anim.swift in Sources */ = {isa = PBXBuildFile; fileRef = 52B570222789974900275870 /* CollectionViewCell+Anim.swift */; };
		52B5702527899DBB00275870 /* CountryDetailCoordinator.swift in Sources */ = {isa = PBXBuildFile; fileRef = 52B5702427899DBB00275870 /* CountryDetailCoordinator.swift */; };
		52B570272789B67F00275870 /* NetworkRequest.swift in Sources */ = {isa = PBXBuildFile; fileRef = 52B570262789B67F00275870 /* NetworkRequest.swift */; };
		52B570292789B89900275870 /* NetworkResponse.swift in Sources */ = {isa = PBXBuildFile; fileRef = 52B570282789B89900275870 /* NetworkResponse.swift */; };
		52B5702B2789BD0100275870 /* Session+GenericRequest.swift in Sources */ = {isa = PBXBuildFile; fileRef = 52B5702A2789BD0100275870 /* Session+GenericRequest.swift */; };
		52B5702D2789BEEB00275870 /* NetworkServiceManager.swift in Sources */ = {isa = PBXBuildFile; fileRef = 52B5702C2789BEEB00275870 /* NetworkServiceManager.swift */; };
		52B570302789C03C00275870 /* Errors.swift in Sources */ = {isa = PBXBuildFile; fileRef = 52B5702F2789C03C00275870 /* Errors.swift */; };
		52B5703B2789D57500275870 /* CountriesNetworkTests.swift in Sources */ = {isa = PBXBuildFile; fileRef = 52B5703A2789D57500275870 /* CountriesNetworkTests.swift */; };
		52B570422789D86F00275870 /* CountriesRequest.swift in Sources */ = {isa = PBXBuildFile; fileRef = 52B570412789D86F00275870 /* CountriesRequest.swift */; };
		52B570442789D98500275870 /* CountriesResponse.swift in Sources */ = {isa = PBXBuildFile; fileRef = 52B570432789D98500275870 /* CountriesResponse.swift */; };
		52B570462789D9E300275870 /* Country.swift in Sources */ = {isa = PBXBuildFile; fileRef = 52B570452789D9E300275870 /* Country.swift */; };
		52B570482789E21A00275870 /* NetworkMonitor.swift in Sources */ = {isa = PBXBuildFile; fileRef = 52B570472789E21A00275870 /* NetworkMonitor.swift */; };
		52B5704A2789E32A00275870 /* Notification+NetworkStateNotification.swift in Sources */ = {isa = PBXBuildFile; fileRef = 52B570492789E32A00275870 /* Notification+NetworkStateNotification.swift */; };
		52B5704C278A266600275870 /* NetworkableViewModel.swift in Sources */ = {isa = PBXBuildFile; fileRef = 52B5704B278A266600275870 /* NetworkableViewModel.swift */; };
		52B5704E278A359000275870 /* CountriesViewModel.swift in Sources */ = {isa = PBXBuildFile; fileRef = 52B5704D278A359000275870 /* CountriesViewModel.swift */; };
		52B57050278A3F2300275870 /* ViewController+Dialog.swift in Sources */ = {isa = PBXBuildFile; fileRef = 52B5704F278A3F2300275870 /* ViewController+Dialog.swift */; };
		52B57052278A4FFE00275870 /* CountryDetailViewModel.swift in Sources */ = {isa = PBXBuildFile; fileRef = 52B57051278A4FFE00275870 /* CountryDetailViewModel.swift */; };
		52B57054278A5E6100275870 /* CountryDetailRequest.swift in Sources */ = {isa = PBXBuildFile; fileRef = 52B57053278A5E6100275870 /* CountryDetailRequest.swift */; };
		52B57056278A5F3C00275870 /* CountryDetail.swift in Sources */ = {isa = PBXBuildFile; fileRef = 52B57055278A5F3C00275870 /* CountryDetail.swift */; };
		52B57058278A6A6E00275870 /* CountryDetailResponse.swift in Sources */ = {isa = PBXBuildFile; fileRef = 52B57057278A6A6E00275870 /* CountryDetailResponse.swift */; };
		52B5705A278A6EAB00275870 /* SVGImageProcessor.swift in Sources */ = {isa = PBXBuildFile; fileRef = 52B57059278A6EAB00275870 /* SVGImageProcessor.swift */; };
/* End PBXBuildFile section */

/* Begin PBXContainerItemProxy section */
		52B5703C2789D57500275870 /* PBXContainerItemProxy */ = {
			isa = PBXContainerItemProxy;
			containerPortal = 524162962788841B001FEC58 /* Project object */;
			proxyType = 1;
			remoteGlobalIDString = 5241629D2788841B001FEC58;
			remoteInfo = Countries;
		};
/* End PBXContainerItemProxy section */

/* Begin PBXFileReference section */
		250F7BF96571BFAD44E2AA68 /* Pods_Countries.framework */ = {isa = PBXFileReference; explicitFileType = wrapper.framework; includeInIndex = 0; path = Pods_Countries.framework; sourceTree = BUILT_PRODUCTS_DIR; };
		5241629E2788841B001FEC58 /* Countries.app */ = {isa = PBXFileReference; explicitFileType = wrapper.application; includeInIndex = 0; path = Countries.app; sourceTree = BUILT_PRODUCTS_DIR; };
		524162A12788841B001FEC58 /* AppDelegate.swift */ = {isa = PBXFileReference; lastKnownFileType = sourcecode.swift; path = AppDelegate.swift; sourceTree = "<group>"; };
		524162A32788841B001FEC58 /* SceneDelegate.swift */ = {isa = PBXFileReference; lastKnownFileType = sourcecode.swift; path = SceneDelegate.swift; sourceTree = "<group>"; };
		524162A82788841B001FEC58 /* Base */ = {isa = PBXFileReference; lastKnownFileType = file.storyboard; name = Base; path = Base.lproj/Main.storyboard; sourceTree = "<group>"; };
		524162AA2788841D001FEC58 /* Assets.xcassets */ = {isa = PBXFileReference; lastKnownFileType = folder.assetcatalog; path = Assets.xcassets; sourceTree = "<group>"; };
		524162AD2788841D001FEC58 /* Base */ = {isa = PBXFileReference; lastKnownFileType = file.storyboard; name = Base; path = Base.lproj/LaunchScreen.storyboard; sourceTree = "<group>"; };
		524162AF2788841D001FEC58 /* Info.plist */ = {isa = PBXFileReference; lastKnownFileType = text.plist.xml; path = Info.plist; sourceTree = "<group>"; };
		524162BC27888514001FEC58 /* Coordinator.swift */ = {isa = PBXFileReference; lastKnownFileType = sourcecode.swift; path = Coordinator.swift; sourceTree = "<group>"; };
		524162BE278891AD001FEC58 /* AppTabBarController.swift */ = {isa = PBXFileReference; lastKnownFileType = sourcecode.swift; path = AppTabBarController.swift; sourceTree = "<group>"; };
		524162C0278893E2001FEC58 /* CountriesViewController.swift */ = {isa = PBXFileReference; lastKnownFileType = sourcecode.swift; path = CountriesViewController.swift; sourceTree = "<group>"; };
		524162C227889404001FEC58 /* SavedCountriesViewController.swift */ = {isa = PBXFileReference; lastKnownFileType = sourcecode.swift; path = SavedCountriesViewController.swift; sourceTree = "<group>"; };
		524162C427889429001FEC58 /* CountryDetailViewController.swift */ = {isa = PBXFileReference; lastKnownFileType = sourcecode.swift; path = CountryDetailViewController.swift; sourceTree = "<group>"; };
		524162C627889D1A001FEC58 /* CountriesCoordinator.swift */ = {isa = PBXFileReference; lastKnownFileType = sourcecode.swift; path = CountriesCoordinator.swift; sourceTree = "<group>"; };
		524162C827889D2B001FEC58 /* SavedCountriesCoordinator.swift */ = {isa = PBXFileReference; lastKnownFileType = sourcecode.swift; path = SavedCountriesCoordinator.swift; sourceTree = "<group>"; };
		524162CD2788F373001FEC58 /* CountryCollectionViewCell.swift */ = {isa = PBXFileReference; lastKnownFileType = sourcecode.swift; path = CountryCollectionViewCell.swift; sourceTree = "<group>"; };
		52B570222789974900275870 /* CollectionViewCell+Anim.swift */ = {isa = PBXFileReference; lastKnownFileType = sourcecode.swift; path = "CollectionViewCell+Anim.swift"; sourceTree = "<group>"; };
		52B5702427899DBB00275870 /* CountryDetailCoordinator.swift */ = {isa = PBXFileReference; lastKnownFileType = sourcecode.swift; path = CountryDetailCoordinator.swift; sourceTree = "<group>"; };
		52B570262789B67F00275870 /* NetworkRequest.swift */ = {isa = PBXFileReference; lastKnownFileType = sourcecode.swift; path = NetworkRequest.swift; sourceTree = "<group>"; };
		52B570282789B89900275870 /* NetworkResponse.swift */ = {isa = PBXFileReference; lastKnownFileType = sourcecode.swift; path = NetworkResponse.swift; sourceTree = "<group>"; };
		52B5702A2789BD0100275870 /* Session+GenericRequest.swift */ = {isa = PBXFileReference; lastKnownFileType = sourcecode.swift; path = "Session+GenericRequest.swift"; sourceTree = "<group>"; };
		52B5702C2789BEEB00275870 /* NetworkServiceManager.swift */ = {isa = PBXFileReference; lastKnownFileType = sourcecode.swift; path = NetworkServiceManager.swift; sourceTree = "<group>"; };
		52B5702F2789C03C00275870 /* Errors.swift */ = {isa = PBXFileReference; lastKnownFileType = sourcecode.swift; path = Errors.swift; sourceTree = "<group>"; };
		52B570382789D57500275870 /* CountriesNetworkTests.xctest */ = {isa = PBXFileReference; explicitFileType = wrapper.cfbundle; includeInIndex = 0; path = CountriesNetworkTests.xctest; sourceTree = BUILT_PRODUCTS_DIR; };
		52B5703A2789D57500275870 /* CountriesNetworkTests.swift */ = {isa = PBXFileReference; lastKnownFileType = sourcecode.swift; path = CountriesNetworkTests.swift; sourceTree = "<group>"; };
		52B570412789D86F00275870 /* CountriesRequest.swift */ = {isa = PBXFileReference; lastKnownFileType = sourcecode.swift; path = CountriesRequest.swift; sourceTree = "<group>"; };
		52B570432789D98500275870 /* CountriesResponse.swift */ = {isa = PBXFileReference; lastKnownFileType = sourcecode.swift; path = CountriesResponse.swift; sourceTree = "<group>"; };
		52B570452789D9E300275870 /* Country.swift */ = {isa = PBXFileReference; lastKnownFileType = sourcecode.swift; path = Country.swift; sourceTree = "<group>"; };
		52B570472789E21A00275870 /* NetworkMonitor.swift */ = {isa = PBXFileReference; lastKnownFileType = sourcecode.swift; path = NetworkMonitor.swift; sourceTree = "<group>"; };
		52B570492789E32A00275870 /* Notification+NetworkStateNotification.swift */ = {isa = PBXFileReference; lastKnownFileType = sourcecode.swift; path = "Notification+NetworkStateNotification.swift"; sourceTree = "<group>"; };
		52B5704B278A266600275870 /* NetworkableViewModel.swift */ = {isa = PBXFileReference; lastKnownFileType = sourcecode.swift; path = NetworkableViewModel.swift; sourceTree = "<group>"; };
		52B5704D278A359000275870 /* CountriesViewModel.swift */ = {isa = PBXFileReference; lastKnownFileType = sourcecode.swift; path = CountriesViewModel.swift; sourceTree = "<group>"; };
		52B5704F278A3F2300275870 /* ViewController+Dialog.swift */ = {isa = PBXFileReference; lastKnownFileType = sourcecode.swift; path = "ViewController+Dialog.swift"; sourceTree = "<group>"; };
		52B57051278A4FFE00275870 /* CountryDetailViewModel.swift */ = {isa = PBXFileReference; lastKnownFileType = sourcecode.swift; path = CountryDetailViewModel.swift; sourceTree = "<group>"; };
		52B57053278A5E6100275870 /* CountryDetailRequest.swift */ = {isa = PBXFileReference; lastKnownFileType = sourcecode.swift; path = CountryDetailRequest.swift; sourceTree = "<group>"; };
		52B57055278A5F3C00275870 /* CountryDetail.swift */ = {isa = PBXFileReference; lastKnownFileType = sourcecode.swift; path = CountryDetail.swift; sourceTree = "<group>"; };
		52B57057278A6A6E00275870 /* CountryDetailResponse.swift */ = {isa = PBXFileReference; lastKnownFileType = sourcecode.swift; path = CountryDetailResponse.swift; sourceTree = "<group>"; };
		52B57059278A6EAB00275870 /* SVGImageProcessor.swift */ = {isa = PBXFileReference; lastKnownFileType = sourcecode.swift; path = SVGImageProcessor.swift; sourceTree = "<group>"; };
		89B24723919484E5575974D4 /* Pods-Countries.release.xcconfig */ = {isa = PBXFileReference; includeInIndex = 1; lastKnownFileType = text.xcconfig; name = "Pods-Countries.release.xcconfig"; path = "Target Support Files/Pods-Countries/Pods-Countries.release.xcconfig"; sourceTree = "<group>"; };
		A9D12FFAC36172E5E6715C23 /* Pods-Countries.debug.xcconfig */ = {isa = PBXFileReference; includeInIndex = 1; lastKnownFileType = text.xcconfig; name = "Pods-Countries.debug.xcconfig"; path = "Target Support Files/Pods-Countries/Pods-Countries.debug.xcconfig"; sourceTree = "<group>"; };
/* End PBXFileReference section */

/* Begin PBXFrameworksBuildPhase section */
		5241629B2788841B001FEC58 /* Frameworks */ = {
			isa = PBXFrameworksBuildPhase;
			buildActionMask = 2147483647;
			files = (
				13896994BC2B58C583FD8400 /* Pods_Countries.framework in Frameworks */,
			);
			runOnlyForDeploymentPostprocessing = 0;
		};
		52B570352789D57500275870 /* Frameworks */ = {
			isa = PBXFrameworksBuildPhase;
			buildActionMask = 2147483647;
			files = (
			);
			runOnlyForDeploymentPostprocessing = 0;
		};
/* End PBXFrameworksBuildPhase section */

/* Begin PBXGroup section */
		524162952788841B001FEC58 = {
			isa = PBXGroup;
			children = (
				524162A02788841B001FEC58 /* Countries */,
				52B570392789D57500275870 /* CountriesNetworkTests */,
				5241629F2788841B001FEC58 /* Products */,
				81E697030F025DF862628F80 /* Pods */,
				977A55D374B3F03BCD44BBF8 /* Frameworks */,
			);
			sourceTree = "<group>";
		};
		5241629F2788841B001FEC58 /* Products */ = {
			isa = PBXGroup;
			children = (
				5241629E2788841B001FEC58 /* Countries.app */,
				52B570382789D57500275870 /* CountriesNetworkTests.xctest */,
			);
			name = Products;
			sourceTree = "<group>";
		};
		524162A02788841B001FEC58 /* Countries */ = {
			isa = PBXGroup;
			children = (
				52B5702E2789C02D00275870 /* Utility */,
				52B57021278996E100275870 /* Extensions */,
				524162CA2788EC72001FEC58 /* ViewController */,
				524162BB2788846B001FEC58 /* Storyboard */,
				524162BA2788844F001FEC58 /* System */,
				524162B927888448001FEC58 /* Navigation */,
				524162B827888441001FEC58 /* Service */,
				524162B72788843B001FEC58 /* Model */,
				524162B627888432001FEC58 /* ViewModel */,
				524162B527888429001FEC58 /* View */,
				524162AA2788841D001FEC58 /* Assets.xcassets */,
			);
			path = Countries;
			sourceTree = "<group>";
		};
		524162B527888429001FEC58 /* View */ = {
			isa = PBXGroup;
			children = (
				524162CD2788F373001FEC58 /* CountryCollectionViewCell.swift */,
			);
			path = View;
			sourceTree = "<group>";
		};
		524162B627888432001FEC58 /* ViewModel */ = {
			isa = PBXGroup;
			children = (
				52B5704B278A266600275870 /* NetworkableViewModel.swift */,
				52B5704D278A359000275870 /* CountriesViewModel.swift */,
				52B57051278A4FFE00275870 /* CountryDetailViewModel.swift */,
			);
			path = ViewModel;
			sourceTree = "<group>";
		};
		524162B72788843B001FEC58 /* Model */ = {
			isa = PBXGroup;
			children = (
				52B570262789B67F00275870 /* NetworkRequest.swift */,
				52B570282789B89900275870 /* NetworkResponse.swift */,
				52B570412789D86F00275870 /* CountriesRequest.swift */,
				52B570432789D98500275870 /* CountriesResponse.swift */,
				52B570452789D9E300275870 /* Country.swift */,
				52B57053278A5E6100275870 /* CountryDetailRequest.swift */,
				52B57055278A5F3C00275870 /* CountryDetail.swift */,
				52B57057278A6A6E00275870 /* CountryDetailResponse.swift */,
			);
			path = Model;
			sourceTree = "<group>";
		};
		524162B827888441001FEC58 /* Service */ = {
			isa = PBXGroup;
			children = (
				52B5702C2789BEEB00275870 /* NetworkServiceManager.swift */,
			);
			path = Service;
			sourceTree = "<group>";
		};
		524162B927888448001FEC58 /* Navigation */ = {
			isa = PBXGroup;
			children = (
				524162BC27888514001FEC58 /* Coordinator.swift */,
				524162BE278891AD001FEC58 /* AppTabBarController.swift */,
				524162C627889D1A001FEC58 /* CountriesCoordinator.swift */,
				524162C827889D2B001FEC58 /* SavedCountriesCoordinator.swift */,
				52B5702427899DBB00275870 /* CountryDetailCoordinator.swift */,
			);
			path = Navigation;
			sourceTree = "<group>";
		};
		524162BA2788844F001FEC58 /* System */ = {
			isa = PBXGroup;
			children = (
				524162A12788841B001FEC58 /* AppDelegate.swift */,
				524162A32788841B001FEC58 /* SceneDelegate.swift */,
				524162AF2788841D001FEC58 /* Info.plist */,
				52B570472789E21A00275870 /* NetworkMonitor.swift */,
			);
			path = System;
			sourceTree = "<group>";
		};
		524162BB2788846B001FEC58 /* Storyboard */ = {
			isa = PBXGroup;
			children = (
				524162A72788841B001FEC58 /* Main.storyboard */,
				524162AC2788841D001FEC58 /* LaunchScreen.storyboard */,
			);
			path = Storyboard;
			sourceTree = "<group>";
		};
		524162CA2788EC72001FEC58 /* ViewController */ = {
			isa = PBXGroup;
			children = (
				524162C0278893E2001FEC58 /* CountriesViewController.swift */,
				524162C227889404001FEC58 /* SavedCountriesViewController.swift */,
				524162C427889429001FEC58 /* CountryDetailViewController.swift */,
			);
			path = ViewController;
			sourceTree = "<group>";
		};
		52B57021278996E100275870 /* Extensions */ = {
			isa = PBXGroup;
			children = (
				52B570222789974900275870 /* CollectionViewCell+Anim.swift */,
				52B5702A2789BD0100275870 /* Session+GenericRequest.swift */,
				52B570492789E32A00275870 /* Notification+NetworkStateNotification.swift */,
				52B5704F278A3F2300275870 /* ViewController+Dialog.swift */,
			);
			path = Extensions;
			sourceTree = "<group>";
		};
		52B5702E2789C02D00275870 /* Utility */ = {
			isa = PBXGroup;
			children = (
				52B5702F2789C03C00275870 /* Errors.swift */,
				52B57059278A6EAB00275870 /* SVGImageProcessor.swift */,
			);
			path = Utility;
			sourceTree = "<group>";
		};
		52B570392789D57500275870 /* CountriesNetworkTests */ = {
			isa = PBXGroup;
			children = (
				52B5703A2789D57500275870 /* CountriesNetworkTests.swift */,
			);
			path = CountriesNetworkTests;
			sourceTree = "<group>";
		};
		81E697030F025DF862628F80 /* Pods */ = {
			isa = PBXGroup;
			children = (
				A9D12FFAC36172E5E6715C23 /* Pods-Countries.debug.xcconfig */,
				89B24723919484E5575974D4 /* Pods-Countries.release.xcconfig */,
			);
			path = Pods;
			sourceTree = "<group>";
		};
		977A55D374B3F03BCD44BBF8 /* Frameworks */ = {
			isa = PBXGroup;
			children = (
				250F7BF96571BFAD44E2AA68 /* Pods_Countries.framework */,
			);
			name = Frameworks;
			sourceTree = "<group>";
		};
/* End PBXGroup section */

/* Begin PBXNativeTarget section */
		5241629D2788841B001FEC58 /* Countries */ = {
			isa = PBXNativeTarget;
			buildConfigurationList = 524162B22788841D001FEC58 /* Build configuration list for PBXNativeTarget "Countries" */;
			buildPhases = (
				99671858310540CEE254A04D /* [CP] Check Pods Manifest.lock */,
				5241629A2788841B001FEC58 /* Sources */,
				5241629B2788841B001FEC58 /* Frameworks */,
				5241629C2788841B001FEC58 /* Resources */,
				E7083DFA4976B5D9AFD1D98D /* [CP] Embed Pods Frameworks */,
			);
			buildRules = (
			);
			dependencies = (
			);
			name = Countries;
			productName = Countries;
			productReference = 5241629E2788841B001FEC58 /* Countries.app */;
			productType = "com.apple.product-type.application";
		};
		52B570372789D57500275870 /* CountriesNetworkTests */ = {
			isa = PBXNativeTarget;
			buildConfigurationList = 52B5703E2789D57500275870 /* Build configuration list for PBXNativeTarget "CountriesNetworkTests" */;
			buildPhases = (
				52B570342789D57500275870 /* Sources */,
				52B570352789D57500275870 /* Frameworks */,
				52B570362789D57500275870 /* Resources */,
			);
			buildRules = (
			);
			dependencies = (
				52B5703D2789D57500275870 /* PBXTargetDependency */,
			);
			name = CountriesNetworkTests;
			productName = CountriesNetworkTests;
			productReference = 52B570382789D57500275870 /* CountriesNetworkTests.xctest */;
			productType = "com.apple.product-type.bundle.unit-test";
		};
/* End PBXNativeTarget section */

/* Begin PBXProject section */
		524162962788841B001FEC58 /* Project object */ = {
			isa = PBXProject;
			attributes = {
				BuildIndependentTargetsInParallel = 1;
				LastSwiftUpdateCheck = 1310;
				LastUpgradeCheck = 1310;
				TargetAttributes = {
					5241629D2788841B001FEC58 = {
						CreatedOnToolsVersion = 13.1;
					};
					52B570372789D57500275870 = {
						CreatedOnToolsVersion = 13.1;
						TestTargetID = 5241629D2788841B001FEC58;
					};
				};
			};
			buildConfigurationList = 524162992788841B001FEC58 /* Build configuration list for PBXProject "Countries" */;
			compatibilityVersion = "Xcode 13.0";
			developmentRegion = en;
			hasScannedForEncodings = 0;
			knownRegions = (
				en,
				Base,
			);
			mainGroup = 524162952788841B001FEC58;
			productRefGroup = 5241629F2788841B001FEC58 /* Products */;
			projectDirPath = "";
			projectRoot = "";
			targets = (
				5241629D2788841B001FEC58 /* Countries */,
				52B570372789D57500275870 /* CountriesNetworkTests */,
			);
		};
/* End PBXProject section */

/* Begin PBXResourcesBuildPhase section */
		5241629C2788841B001FEC58 /* Resources */ = {
			isa = PBXResourcesBuildPhase;
			buildActionMask = 2147483647;
			files = (
				524162AE2788841D001FEC58 /* LaunchScreen.storyboard in Resources */,
				524162AB2788841D001FEC58 /* Assets.xcassets in Resources */,
				524162A92788841B001FEC58 /* Main.storyboard in Resources */,
			);
			runOnlyForDeploymentPostprocessing = 0;
		};
		52B570362789D57500275870 /* Resources */ = {
			isa = PBXResourcesBuildPhase;
			buildActionMask = 2147483647;
			files = (
			);
			runOnlyForDeploymentPostprocessing = 0;
		};
/* End PBXResourcesBuildPhase section */

/* Begin PBXShellScriptBuildPhase section */
		99671858310540CEE254A04D /* [CP] Check Pods Manifest.lock */ = {
			isa = PBXShellScriptBuildPhase;
			buildActionMask = 2147483647;
			files = (
			);
			inputFileListPaths = (
			);
			inputPaths = (
				"${PODS_PODFILE_DIR_PATH}/Podfile.lock",
				"${PODS_ROOT}/Manifest.lock",
			);
			name = "[CP] Check Pods Manifest.lock";
			outputFileListPaths = (
			);
			outputPaths = (
				"$(DERIVED_FILE_DIR)/Pods-Countries-checkManifestLockResult.txt",
			);
			runOnlyForDeploymentPostprocessing = 0;
			shellPath = /bin/sh;
			shellScript = "diff \"${PODS_PODFILE_DIR_PATH}/Podfile.lock\" \"${PODS_ROOT}/Manifest.lock\" > /dev/null\nif [ $? != 0 ] ; then\n    # print error to STDERR\n    echo \"error: The sandbox is not in sync with the Podfile.lock. Run 'pod install' or update your CocoaPods installation.\" >&2\n    exit 1\nfi\n# This output is used by Xcode 'outputs' to avoid re-running this script phase.\necho \"SUCCESS\" > \"${SCRIPT_OUTPUT_FILE_0}\"\n";
			showEnvVarsInLog = 0;
		};
		E7083DFA4976B5D9AFD1D98D /* [CP] Embed Pods Frameworks */ = {
			isa = PBXShellScriptBuildPhase;
			buildActionMask = 2147483647;
			files = (
			);
			inputFileListPaths = (
				"${PODS_ROOT}/Target Support Files/Pods-Countries/Pods-Countries-frameworks-${CONFIGURATION}-input-files.xcfilelist",
			);
			name = "[CP] Embed Pods Frameworks";
			outputFileListPaths = (
				"${PODS_ROOT}/Target Support Files/Pods-Countries/Pods-Countries-frameworks-${CONFIGURATION}-output-files.xcfilelist",
			);
			runOnlyForDeploymentPostprocessing = 0;
			shellPath = /bin/sh;
			shellScript = "\"${PODS_ROOT}/Target Support Files/Pods-Countries/Pods-Countries-frameworks.sh\"\n";
			showEnvVarsInLog = 0;
		};
/* End PBXShellScriptBuildPhase section */

/* Begin PBXSourcesBuildPhase section */
		5241629A2788841B001FEC58 /* Sources */ = {
			isa = PBXSourcesBuildPhase;
			buildActionMask = 2147483647;
			files = (
				52B5704A2789E32A00275870 /* Notification+NetworkStateNotification.swift in Sources */,
				52B570272789B67F00275870 /* NetworkRequest.swift in Sources */,
				52B5702527899DBB00275870 /* CountryDetailCoordinator.swift in Sources */,
				52B5705A278A6EAB00275870 /* SVGImageProcessor.swift in Sources */,
				52B5704E278A359000275870 /* CountriesViewModel.swift in Sources */,
				52B5704C278A266600275870 /* NetworkableViewModel.swift in Sources */,
				524162A22788841B001FEC58 /* AppDelegate.swift in Sources */,
				52B57050278A3F2300275870 /* ViewController+Dialog.swift in Sources */,
				52B570232789974900275870 /* CollectionViewCell+Anim.swift in Sources */,
				524162CE2788F373001FEC58 /* CountryCollectionViewCell.swift in Sources */,
				524162C327889404001FEC58 /* SavedCountriesViewController.swift in Sources */,
				524162BF278891AD001FEC58 /* AppTabBarController.swift in Sources */,
				524162C527889429001FEC58 /* CountryDetailViewController.swift in Sources */,
				52B570462789D9E300275870 /* Country.swift in Sources */,
				524162A42788841B001FEC58 /* SceneDelegate.swift in Sources */,
				52B57054278A5E6100275870 /* CountryDetailRequest.swift in Sources */,
				52B57052278A4FFE00275870 /* CountryDetailViewModel.swift in Sources */,
				52B570442789D98500275870 /* CountriesResponse.swift in Sources */,
				52B570292789B89900275870 /* NetworkResponse.swift in Sources */,
				52B57058278A6A6E00275870 /* CountryDetailResponse.swift in Sources */,
				52B5702B2789BD0100275870 /* Session+GenericRequest.swift in Sources */,
				52B570482789E21A00275870 /* NetworkMonitor.swift in Sources */,
				524162C927889D2B001FEC58 /* SavedCountriesCoordinator.swift in Sources */,
				52B5702D2789BEEB00275870 /* NetworkServiceManager.swift in Sources */,
				52B570302789C03C00275870 /* Errors.swift in Sources */,
				52B570422789D86F00275870 /* CountriesRequest.swift in Sources */,
				524162C727889D1A001FEC58 /* CountriesCoordinator.swift in Sources */,
				52B57056278A5F3C00275870 /* CountryDetail.swift in Sources */,
				524162C1278893E2001FEC58 /* CountriesViewController.swift in Sources */,
				524162BD27888514001FEC58 /* Coordinator.swift in Sources */,
			);
			runOnlyForDeploymentPostprocessing = 0;
		};
		52B570342789D57500275870 /* Sources */ = {
			isa = PBXSourcesBuildPhase;
			buildActionMask = 2147483647;
			files = (
				52B5703B2789D57500275870 /* CountriesNetworkTests.swift in Sources */,
			);
			runOnlyForDeploymentPostprocessing = 0;
		};
/* End PBXSourcesBuildPhase section */

/* Begin PBXTargetDependency section */
		52B5703D2789D57500275870 /* PBXTargetDependency */ = {
			isa = PBXTargetDependency;
			target = 5241629D2788841B001FEC58 /* Countries */;
			targetProxy = 52B5703C2789D57500275870 /* PBXContainerItemProxy */;
		};
/* End PBXTargetDependency section */

/* Begin PBXVariantGroup section */
		524162A72788841B001FEC58 /* Main.storyboard */ = {
			isa = PBXVariantGroup;
			children = (
				524162A82788841B001FEC58 /* Base */,
			);
			name = Main.storyboard;
			sourceTree = "<group>";
		};
		524162AC2788841D001FEC58 /* LaunchScreen.storyboard */ = {
			isa = PBXVariantGroup;
			children = (
				524162AD2788841D001FEC58 /* Base */,
			);
			name = LaunchScreen.storyboard;
			sourceTree = "<group>";
		};
/* End PBXVariantGroup section */

/* Begin XCBuildConfiguration section */
		524162B02788841D001FEC58 /* Debug */ = {
			isa = XCBuildConfiguration;
			buildSettings = {
				ALWAYS_SEARCH_USER_PATHS = NO;
				CLANG_ANALYZER_NONNULL = YES;
				CLANG_ANALYZER_NUMBER_OBJECT_CONVERSION = YES_AGGRESSIVE;
				CLANG_CXX_LANGUAGE_STANDARD = "gnu++17";
				CLANG_CXX_LIBRARY = "libc++";
				CLANG_ENABLE_MODULES = YES;
				CLANG_ENABLE_OBJC_ARC = YES;
				CLANG_ENABLE_OBJC_WEAK = YES;
				CLANG_WARN_BLOCK_CAPTURE_AUTORELEASING = YES;
				CLANG_WARN_BOOL_CONVERSION = YES;
				CLANG_WARN_COMMA = YES;
				CLANG_WARN_CONSTANT_CONVERSION = YES;
				CLANG_WARN_DEPRECATED_OBJC_IMPLEMENTATIONS = YES;
				CLANG_WARN_DIRECT_OBJC_ISA_USAGE = YES_ERROR;
				CLANG_WARN_DOCUMENTATION_COMMENTS = YES;
				CLANG_WARN_EMPTY_BODY = YES;
				CLANG_WARN_ENUM_CONVERSION = YES;
				CLANG_WARN_INFINITE_RECURSION = YES;
				CLANG_WARN_INT_CONVERSION = YES;
				CLANG_WARN_NON_LITERAL_NULL_CONVERSION = YES;
				CLANG_WARN_OBJC_IMPLICIT_RETAIN_SELF = YES;
				CLANG_WARN_OBJC_LITERAL_CONVERSION = YES;
				CLANG_WARN_OBJC_ROOT_CLASS = YES_ERROR;
				CLANG_WARN_QUOTED_INCLUDE_IN_FRAMEWORK_HEADER = YES;
				CLANG_WARN_RANGE_LOOP_ANALYSIS = YES;
				CLANG_WARN_STRICT_PROTOTYPES = YES;
				CLANG_WARN_SUSPICIOUS_MOVE = YES;
				CLANG_WARN_UNGUARDED_AVAILABILITY = YES_AGGRESSIVE;
				CLANG_WARN_UNREACHABLE_CODE = YES;
				CLANG_WARN__DUPLICATE_METHOD_MATCH = YES;
				COPY_PHASE_STRIP = NO;
				DEBUG_INFORMATION_FORMAT = dwarf;
				ENABLE_STRICT_OBJC_MSGSEND = YES;
				ENABLE_TESTABILITY = YES;
				GCC_C_LANGUAGE_STANDARD = gnu11;
				GCC_DYNAMIC_NO_PIC = NO;
				GCC_NO_COMMON_BLOCKS = YES;
				GCC_OPTIMIZATION_LEVEL = 0;
				GCC_PREPROCESSOR_DEFINITIONS = (
					"DEBUG=1",
					"$(inherited)",
				);
				GCC_WARN_64_TO_32_BIT_CONVERSION = YES;
				GCC_WARN_ABOUT_RETURN_TYPE = YES_ERROR;
				GCC_WARN_UNDECLARED_SELECTOR = YES;
				GCC_WARN_UNINITIALIZED_AUTOS = YES_AGGRESSIVE;
				GCC_WARN_UNUSED_FUNCTION = YES;
				GCC_WARN_UNUSED_VARIABLE = YES;
				IPHONEOS_DEPLOYMENT_TARGET = 15.0;
				MTL_ENABLE_DEBUG_INFO = INCLUDE_SOURCE;
				MTL_FAST_MATH = YES;
				ONLY_ACTIVE_ARCH = YES;
				SDKROOT = iphoneos;
				SWIFT_ACTIVE_COMPILATION_CONDITIONS = DEBUG;
				SWIFT_OPTIMIZATION_LEVEL = "-Onone";
			};
			name = Debug;
		};
		524162B12788841D001FEC58 /* Release */ = {
			isa = XCBuildConfiguration;
			buildSettings = {
				ALWAYS_SEARCH_USER_PATHS = NO;
				CLANG_ANALYZER_NONNULL = YES;
				CLANG_ANALYZER_NUMBER_OBJECT_CONVERSION = YES_AGGRESSIVE;
				CLANG_CXX_LANGUAGE_STANDARD = "gnu++17";
				CLANG_CXX_LIBRARY = "libc++";
				CLANG_ENABLE_MODULES = YES;
				CLANG_ENABLE_OBJC_ARC = YES;
				CLANG_ENABLE_OBJC_WEAK = YES;
				CLANG_WARN_BLOCK_CAPTURE_AUTORELEASING = YES;
				CLANG_WARN_BOOL_CONVERSION = YES;
				CLANG_WARN_COMMA = YES;
				CLANG_WARN_CONSTANT_CONVERSION = YES;
				CLANG_WARN_DEPRECATED_OBJC_IMPLEMENTATIONS = YES;
				CLANG_WARN_DIRECT_OBJC_ISA_USAGE = YES_ERROR;
				CLANG_WARN_DOCUMENTATION_COMMENTS = YES;
				CLANG_WARN_EMPTY_BODY = YES;
				CLANG_WARN_ENUM_CONVERSION = YES;
				CLANG_WARN_INFINITE_RECURSION = YES;
				CLANG_WARN_INT_CONVERSION = YES;
				CLANG_WARN_NON_LITERAL_NULL_CONVERSION = YES;
				CLANG_WARN_OBJC_IMPLICIT_RETAIN_SELF = YES;
				CLANG_WARN_OBJC_LITERAL_CONVERSION = YES;
				CLANG_WARN_OBJC_ROOT_CLASS = YES_ERROR;
				CLANG_WARN_QUOTED_INCLUDE_IN_FRAMEWORK_HEADER = YES;
				CLANG_WARN_RANGE_LOOP_ANALYSIS = YES;
				CLANG_WARN_STRICT_PROTOTYPES = YES;
				CLANG_WARN_SUSPICIOUS_MOVE = YES;
				CLANG_WARN_UNGUARDED_AVAILABILITY = YES_AGGRESSIVE;
				CLANG_WARN_UNREACHABLE_CODE = YES;
				CLANG_WARN__DUPLICATE_METHOD_MATCH = YES;
				COPY_PHASE_STRIP = NO;
				DEBUG_INFORMATION_FORMAT = "dwarf-with-dsym";
				ENABLE_NS_ASSERTIONS = NO;
				ENABLE_STRICT_OBJC_MSGSEND = YES;
				GCC_C_LANGUAGE_STANDARD = gnu11;
				GCC_NO_COMMON_BLOCKS = YES;
				GCC_WARN_64_TO_32_BIT_CONVERSION = YES;
				GCC_WARN_ABOUT_RETURN_TYPE = YES_ERROR;
				GCC_WARN_UNDECLARED_SELECTOR = YES;
				GCC_WARN_UNINITIALIZED_AUTOS = YES_AGGRESSIVE;
				GCC_WARN_UNUSED_FUNCTION = YES;
				GCC_WARN_UNUSED_VARIABLE = YES;
				IPHONEOS_DEPLOYMENT_TARGET = 15.0;
				MTL_ENABLE_DEBUG_INFO = NO;
				MTL_FAST_MATH = YES;
				SDKROOT = iphoneos;
				SWIFT_COMPILATION_MODE = wholemodule;
				SWIFT_OPTIMIZATION_LEVEL = "-O";
				VALIDATE_PRODUCT = YES;
			};
			name = Release;
		};
		524162B32788841D001FEC58 /* Debug */ = {
			isa = XCBuildConfiguration;
			baseConfigurationReference = A9D12FFAC36172E5E6715C23 /* Pods-Countries.debug.xcconfig */;
			buildSettings = {
				ASSETCATALOG_COMPILER_APPICON_NAME = AppIcon;
				ASSETCATALOG_COMPILER_GLOBAL_ACCENT_COLOR_NAME = AccentColor;
				CODE_SIGN_STYLE = Automatic;
				CURRENT_PROJECT_VERSION = 1;
				GENERATE_INFOPLIST_FILE = YES;
				INFOPLIST_FILE = Countries/System/Info.plist;
				INFOPLIST_KEY_UIApplicationSupportsIndirectInputEvents = YES;
				INFOPLIST_KEY_UILaunchStoryboardName = LaunchScreen;
				INFOPLIST_KEY_UIMainStoryboardFile = Main;
				INFOPLIST_KEY_UISupportedInterfaceOrientations_iPad = "UIInterfaceOrientationPortrait UIInterfaceOrientationPortraitUpsideDown UIInterfaceOrientationLandscapeLeft UIInterfaceOrientationLandscapeRight";
				INFOPLIST_KEY_UISupportedInterfaceOrientations_iPhone = "UIInterfaceOrientationPortrait UIInterfaceOrientationLandscapeLeft UIInterfaceOrientationLandscapeRight";
				LD_RUNPATH_SEARCH_PATHS = (
					"$(inherited)",
					"@executable_path/Frameworks",
				);
				MARKETING_VERSION = 1.0;
				PRODUCT_BUNDLE_IDENTIFIER = org.oguzhanozturk.Countries;
				PRODUCT_NAME = "$(TARGET_NAME)";
				SWIFT_EMIT_LOC_STRINGS = YES;
				SWIFT_VERSION = 5.0;
				TARGETED_DEVICE_FAMILY = "1,2";
			};
			name = Debug;
		};
		524162B42788841D001FEC58 /* Release */ = {
			isa = XCBuildConfiguration;
			baseConfigurationReference = 89B24723919484E5575974D4 /* Pods-Countries.release.xcconfig */;
			buildSettings = {
				ASSETCATALOG_COMPILER_APPICON_NAME = AppIcon;
				ASSETCATALOG_COMPILER_GLOBAL_ACCENT_COLOR_NAME = AccentColor;
				CODE_SIGN_STYLE = Automatic;
				CURRENT_PROJECT_VERSION = 1;
				GENERATE_INFOPLIST_FILE = YES;
				INFOPLIST_FILE = Countries/System/Info.plist;
				INFOPLIST_KEY_UIApplicationSupportsIndirectInputEvents = YES;
				INFOPLIST_KEY_UILaunchStoryboardName = LaunchScreen;
				INFOPLIST_KEY_UIMainStoryboardFile = Main;
				INFOPLIST_KEY_UISupportedInterfaceOrientations_iPad = "UIInterfaceOrientationPortrait UIInterfaceOrientationPortraitUpsideDown UIInterfaceOrientationLandscapeLeft UIInterfaceOrientationLandscapeRight";
				INFOPLIST_KEY_UISupportedInterfaceOrientations_iPhone = "UIInterfaceOrientationPortrait UIInterfaceOrientationLandscapeLeft UIInterfaceOrientationLandscapeRight";
				LD_RUNPATH_SEARCH_PATHS = (
					"$(inherited)",
					"@executable_path/Frameworks",
				);
				MARKETING_VERSION = 1.0;
				PRODUCT_BUNDLE_IDENTIFIER = org.oguzhanozturk.Countries;
				PRODUCT_NAME = "$(TARGET_NAME)";
				SWIFT_EMIT_LOC_STRINGS = YES;
				SWIFT_VERSION = 5.0;
				TARGETED_DEVICE_FAMILY = "1,2";
			};
			name = Release;
		};
		52B5703F2789D57500275870 /* Debug */ = {
			isa = XCBuildConfiguration;
			buildSettings = {
				BUNDLE_LOADER = "$(TEST_HOST)";
				CODE_SIGN_STYLE = Automatic;
				CURRENT_PROJECT_VERSION = 1;
				GENERATE_INFOPLIST_FILE = YES;
				LD_RUNPATH_SEARCH_PATHS = (
					"$(inherited)",
					"@executable_path/Frameworks",
					"@loader_path/Frameworks",
				);
				MARKETING_VERSION = 1.0;
				PRODUCT_BUNDLE_IDENTIFIER = org.oguzhanozturk.CountriesNetworkTests;
				PRODUCT_NAME = "$(TARGET_NAME)";
				SWIFT_EMIT_LOC_STRINGS = NO;
				SWIFT_VERSION = 5.0;
				TARGETED_DEVICE_FAMILY = "1,2";
				TEST_HOST = "$(BUILT_PRODUCTS_DIR)/Countries.app/Countries";
			};
			name = Debug;
		};
		52B570402789D57500275870 /* Release */ = {
			isa = XCBuildConfiguration;
			buildSettings = {
				BUNDLE_LOADER = "$(TEST_HOST)";
				CODE_SIGN_STYLE = Automatic;
				CURRENT_PROJECT_VERSION = 1;
				GENERATE_INFOPLIST_FILE = YES;
				LD_RUNPATH_SEARCH_PATHS = (
					"$(inherited)",
					"@executable_path/Frameworks",
					"@loader_path/Frameworks",
				);
				MARKETING_VERSION = 1.0;
				PRODUCT_BUNDLE_IDENTIFIER = org.oguzhanozturk.CountriesNetworkTests;
				PRODUCT_NAME = "$(TARGET_NAME)";
				SWIFT_EMIT_LOC_STRINGS = NO;
				SWIFT_VERSION = 5.0;
				TARGETED_DEVICE_FAMILY = "1,2";
				TEST_HOST = "$(BUILT_PRODUCTS_DIR)/Countries.app/Countries";
			};
			name = Release;
		};
/* End XCBuildConfiguration section */

/* Begin XCConfigurationList section */
		524162992788841B001FEC58 /* Build configuration list for PBXProject "Countries" */ = {
			isa = XCConfigurationList;
			buildConfigurations = (
				524162B02788841D001FEC58 /* Debug */,
				524162B12788841D001FEC58 /* Release */,
			);
			defaultConfigurationIsVisible = 0;
			defaultConfigurationName = Release;
		};
		524162B22788841D001FEC58 /* Build configuration list for PBXNativeTarget "Countries" */ = {
			isa = XCConfigurationList;
			buildConfigurations = (
				524162B32788841D001FEC58 /* Debug */,
				524162B42788841D001FEC58 /* Release */,
			);
			defaultConfigurationIsVisible = 0;
			defaultConfigurationName = Release;
		};
		52B5703E2789D57500275870 /* Build configuration list for PBXNativeTarget "CountriesNetworkTests" */ = {
			isa = XCConfigurationList;
			buildConfigurations = (
				52B5703F2789D57500275870 /* Debug */,
				52B570402789D57500275870 /* Release */,
			);
			defaultConfigurationIsVisible = 0;
			defaultConfigurationName = Release;
		};
/* End XCConfigurationList section */
	};
	rootObject = 524162962788841B001FEC58 /* Project object */;
}
